// !$*UTF8*$!
{
	archiveVersion = 1;
	classes = {
	};
	objectVersion = 48;
	objects = {

/* Begin PBXBuildFile section */
		429C4231206215E2002701A4 /* AppDelegate.swift in Sources */ = {isa = PBXBuildFile; fileRef = 429C4230206215E2002701A4 /* AppDelegate.swift */; };
		429C4233206215E2002701A4 /* ViewController.swift in Sources */ = {isa = PBXBuildFile; fileRef = 429C4232206215E2002701A4 /* ViewController.swift */; };
		429C4236206215E2002701A4 /* Main.storyboard in Resources */ = {isa = PBXBuildFile; fileRef = 429C4234206215E2002701A4 /* Main.storyboard */; };
		429C4238206215E2002701A4 /* Assets.xcassets in Resources */ = {isa = PBXBuildFile; fileRef = 429C4237206215E2002701A4 /* Assets.xcassets */; };
		429C423B206215E2002701A4 /* LaunchScreen.storyboard in Resources */ = {isa = PBXBuildFile; fileRef = 429C4239206215E2002701A4 /* LaunchScreen.storyboard */; };
		429C424420621604002701A4 /* XSlider.swift in Sources */ = {isa = PBXBuildFile; fileRef = 429C424320621604002701A4 /* XSlider.swift */; };
/* End PBXBuildFile section */

/* Begin PBXFileReference section */
		429C422D206215E2002701A4 /* XSlider.app */ = {isa = PBXFileReference; explicitFileType = wrapper.application; includeInIndex = 0; path = XSlider.app; sourceTree = BUILT_PRODUCTS_DIR; };
		429C4230206215E2002701A4 /* AppDelegate.swift */ = {isa = PBXFileReference; lastKnownFileType = sourcecode.swift; path = AppDelegate.swift; sourceTree = "<group>"; };
		429C4232206215E2002701A4 /* ViewController.swift */ = {isa = PBXFileReference; lastKnownFileType = sourcecode.swift; path = ViewController.swift; sourceTree = "<group>"; };
		429C4235206215E2002701A4 /* Base */ = {isa = PBXFileReference; lastKnownFileType = file.storyboard; name = Base; path = Base.lproj/Main.storyboard; sourceTree = "<group>"; };
		429C4237206215E2002701A4 /* Assets.xcassets */ = {isa = PBXFileReference; lastKnownFileType = folder.assetcatalog; path = Assets.xcassets; sourceTree = "<group>"; };
		429C423A206215E2002701A4 /* Base */ = {isa = PBXFileReference; lastKnownFileType = file.storyboard; name = Base; path = Base.lproj/LaunchScreen.storyboard; sourceTree = "<group>"; };
		429C423C206215E2002701A4 /* Info.plist */ = {isa = PBXFileReference; lastKnownFileType = text.plist.xml; path = Info.plist; sourceTree = "<group>"; };
		429C424320621604002701A4 /* XSlider.swift */ = {isa = PBXFileReference; lastKnownFileType = sourcecode.swift; path = XSlider.swift; sourceTree = "<group>"; };
/* End PBXFileReference section */

/* Begin PBXFrameworksBuildPhase section */
		429C422A206215E2002701A4 /* Frameworks */ = {
			isa = PBXFrameworksBuildPhase;
			buildActionMask = 2147483647;
			files = (
			);
			runOnlyForDeploymentPostprocessing = 0;
		};
/* End PBXFrameworksBuildPhase section */

/* Begin PBXGroup section */
		429C4224206215E2002701A4 = {
			isa = PBXGroup;
			children = (
				429C422F206215E2002701A4 /* XSlider */,
				429C422E206215E2002701A4 /* Products */,
			);
			sourceTree = "<group>";
		};
		429C422E206215E2002701A4 /* Products */ = {
			isa = PBXGroup;
			children = (
				429C422D206215E2002701A4 /* XSlider.app */,
			);
			name = Products;
			sourceTree = "<group>";
		};
		429C422F206215E2002701A4 /* XSlider */ = {
			isa = PBXGroup;
			children = (
				429C4242206215ED002701A4 /* slider */,
				429C4230206215E2002701A4 /* AppDelegate.swift */,
				429C4232206215E2002701A4 /* ViewController.swift */,
				429C4234206215E2002701A4 /* Main.storyboard */,
				429C4237206215E2002701A4 /* Assets.xcassets */,
				429C4239206215E2002701A4 /* LaunchScreen.storyboard */,
				429C423C206215E2002701A4 /* Info.plist */,
			);
			path = XSlider;
			sourceTree = "<group>";
		};
		429C4242206215ED002701A4 /* slider */ = {
			isa = PBXGroup;
			children = (
				429C424320621604002701A4 /* XSlider.swift */,
			);
			path = slider;
			sourceTree = "<group>";
		};
/* End PBXGroup section */

/* Begin PBXNativeTarget section */
		429C422C206215E2002701A4 /* XSlider */ = {
			isa = PBXNativeTarget;
			buildConfigurationList = 429C423F206215E2002701A4 /* Build configuration list for PBXNativeTarget "XSlider" */;
			buildPhases = (
				429C4229206215E2002701A4 /* Sources */,
				429C422A206215E2002701A4 /* Frameworks */,
				429C422B206215E2002701A4 /* Resources */,
			);
			buildRules = (
			);
			dependencies = (
			);
			name = XSlider;
			productName = XSlider;
			productReference = 429C422D206215E2002701A4 /* XSlider.app */;
			productType = "com.apple.product-type.application";
		};
/* End PBXNativeTarget section */

/* Begin PBXProject section */
		429C4225206215E2002701A4 /* Project object */ = {
			isa = PBXProject;
			attributes = {
				LastSwiftUpdateCheck = 0920;
				LastUpgradeCheck = 0920;
				ORGANIZATIONNAME = Evenki;
				TargetAttributes = {
					429C422C206215E2002701A4 = {
						CreatedOnToolsVersion = 9.2;
						ProvisioningStyle = Automatic;
					};
				};
			};
			buildConfigurationList = 429C4228206215E2002701A4 /* Build configuration list for PBXProject "XSlider" */;
			compatibilityVersion = "Xcode 8.0";
			developmentRegion = en;
			hasScannedForEncodings = 0;
			knownRegions = (
				en,
				Base,
			);
			mainGroup = 429C4224206215E2002701A4;
			productRefGroup = 429C422E206215E2002701A4 /* Products */;
			projectDirPath = "";
			projectRoot = "";
			targets = (
				429C422C206215E2002701A4 /* XSlider */,
			);
		};
/* End PBXProject section */

/* Begin PBXResourcesBuildPhase section */
		429C422B206215E2002701A4 /* Resources */ = {
			isa = PBXResourcesBuildPhase;
			buildActionMask = 2147483647;
			files = (
				429C423B206215E2002701A4 /* LaunchScreen.storyboard in Resources */,
				429C4238206215E2002701A4 /* Assets.xcassets in Resources */,
				429C4236206215E2002701A4 /* Main.storyboard in Resources */,
			);
			runOnlyForDeploymentPostprocessing = 0;
		};
/* End PBXResourcesBuildPhase section */

/* Begin PBXSourcesBuildPhase section */
		429C4229206215E2002701A4 /* Sources */ = {
			isa = PBXSourcesBuildPhase;
			buildActionMask = 2147483647;
			files = (
				429C424420621604002701A4 /* XSlider.swift in Sources */,
				429C4233206215E2002701A4 /* ViewController.swift in Sources */,
				429C4231206215E2002701A4 /* AppDelegate.swift in Sources */,
			);
			runOnlyForDeploymentPostprocessing = 0;
		};
/* End PBXSourcesBuildPhase section */

/* Begin PBXVariantGroup section */
		429C4234206215E2002701A4 /* Main.storyboard */ = {
			isa = PBXVariantGroup;
			children = (
				429C4235206215E2002701A4 /* Base */,
			);
			name = Main.storyboard;
			sourceTree = "<group>";
		};
		429C4239206215E2002701A4 /* LaunchScreen.storyboard */ = {
			isa = PBXVariantGroup;
			children = (
				429C423A206215E2002701A4 /* Base */,
			);
			name = LaunchScreen.storyboard;
			sourceTree = "<group>";
		};
/* End PBXVariantGroup section */

/* Begin XCBuildConfiguration section */
		429C423D206215E2002701A4 /* Debug */ = {
			isa = XCBuildConfiguration;
			buildSettings = {
				ALWAYS_SEARCH_USER_PATHS = NO;
				CLANG_ANALYZER_NONNULL = YES;
				CLANG_ANALYZER_NUMBER_OBJECT_CONVERSION = YES_AGGRESSIVE;
				CLANG_CXX_LANGUAGE_STANDARD = "gnu++14";
				CLANG_CXX_LIBRARY = "libc++";
				CLANG_ENABLE_MODULES = YES;
				CLANG_ENABLE_OBJC_ARC = YES;
				CLANG_WARN_BLOCK_CAPTURE_AUTORELEASING = YES;
				CLANG_WARN_BOOL_CONVERSION = YES;
				CLANG_WARN_COMMA = YES;
				CLANG_WARN_CONSTANT_CONVERSION = YES;
				CLANG_WARN_DIRECT_OBJC_ISA_USAGE = YES_ERROR;
				CLANG_WARN_DOCUMENTATION_COMMENTS = YES;
				CLANG_WARN_EMPTY_BODY = YES;
				CLANG_WARN_ENUM_CONVERSION = YES;
				CLANG_WARN_INFINITE_RECURSION = YES;
				CLANG_WARN_INT_CONVERSION = YES;
				CLANG_WARN_NON_LITERAL_NULL_CONVERSION = YES;
				CLANG_WARN_OBJC_LITERAL_CONVERSION = YES;
				CLANG_WARN_OBJC_ROOT_CLASS = YES_ERROR;
				CLANG_WARN_RANGE_LOOP_ANALYSIS = YES;
				CLANG_WARN_STRICT_PROTOTYPES = YES;
				CLANG_WARN_SUSPICIOUS_MOVE = YES;
				CLANG_WARN_UNGUARDED_AVAILABILITY = YES_AGGRESSIVE;
				CLANG_WARN_UNREACHABLE_CODE = YES;
				CLANG_WARN__DUPLICATE_METHOD_MATCH = YES;
				CODE_SIGN_IDENTITY = "iPhone Developer";
				COPY_PHASE_STRIP = NO;
				DEBUG_INFORMATION_FORMAT = dwarf;
				ENABLE_STRICT_OBJC_MSGSEND = YES;
				ENABLE_TESTABILITY = YES;
				GCC_C_LANGUAGE_STANDARD = gnu11;
				GCC_DYNAMIC_NO_PIC = NO;
				GCC_NO_COMMON_BLOCKS = YES;
				GCC_OPTIMIZATION_LEVEL = 0;
				GCC_PREPROCESSOR_DEFINITIONS = (
					"DEBUG=1",
					"$(inherited)",
				);
				GCC_WARN_64_TO_32_BIT_CONVERSION = YES;
				GCC_WARN_ABOUT_RETURN_TYPE = YES_ERROR;
				GCC_WARN_UNDECLARED_SELECTOR = YES;
				GCC_WARN_UNINITIALIZED_AUTOS = YES_AGGRESSIVE;
				GCC_WARN_UNUSED_FUNCTION = YES;
				GCC_WARN_UNUSED_VARIABLE = YES;
				IPHONEOS_DEPLOYMENT_TARGET = 11.2;
				MTL_ENABLE_DEBUG_INFO = YES;
				ONLY_ACTIVE_ARCH = YES;
				SDKROOT = iphoneos;
				SWIFT_ACTIVE_COMPILATION_CONDITIONS = DEBUG;
				SWIFT_OPTIMIZATION_LEVEL = "-Onone";
			};
			name = Debug;
		};
		429C423E206215E2002701A4 /* Release */ = {
			isa = XCBuildConfiguration;
			buildSettings = {
				ALWAYS_SEARCH_USER_PATHS = NO;
				CLANG_ANALYZER_NONNULL = YES;
				CLANG_ANALYZER_NUMBER_OBJECT_CONVERSION = YES_AGGRESSIVE;
				CLANG_CXX_LANGUAGE_STANDARD = "gnu++14";
				CLANG_CXX_LIBRARY = "libc++";
				CLANG_ENABLE_MODULES = YES;
				CLANG_ENABLE_OBJC_ARC = YES;
				CLANG_WARN_BLOCK_CAPTURE_AUTORELEASING = YES;
				CLANG_WARN_BOOL_CONVERSION = YES;
				CLANG_WARN_COMMA = YES;
				CLANG_WARN_CONSTANT_CONVERSION = YES;
				CLANG_WARN_DIRECT_OBJC_ISA_USAGE = YES_ERROR;
				CLANG_WARN_DOCUMENTATION_COMMENTS = YES;
				CLANG_WARN_EMPTY_BODY = YES;
				CLANG_WARN_ENUM_CONVERSION = YES;
				CLANG_WARN_INFINITE_RECURSION = YES;
				CLANG_WARN_INT_CONVERSION = YES;
				CLANG_WARN_NON_LITERAL_NULL_CONVERSION = YES;
				CLANG_WARN_OBJC_LITERAL_CONVERSION = YES;
				CLANG_WARN_OBJC_ROOT_CLASS = YES_ERROR;
				CLANG_WARN_RANGE_LOOP_ANALYSIS = YES;
				CLANG_WARN_STRICT_PROTOTYPES = YES;
				CLANG_WARN_SUSPICIOUS_MOVE = YES;
				CLANG_WARN_UNGUARDED_AVAILABILITY = YES_AGGRESSIVE;
				CLANG_WARN_UNREACHABLE_CODE = YES;
				CLANG_WARN__DUPLICATE_METHOD_MATCH = YES;
				CODE_SIGN_IDENTITY = "iPhone Developer";
				COPY_PHASE_STRIP = NO;
				DEBUG_INFORMATION_FORMAT = "dwarf-with-dsym";
				ENABLE_NS_ASSERTIONS = NO;
				ENABLE_STRICT_OBJC_MSGSEND = YES;
				GCC_C_LANGUAGE_STANDARD = gnu11;
				GCC_NO_COMMON_BLOCKS = YES;
				GCC_WARN_64_TO_32_BIT_CONVERSION = YES;
				GCC_WARN_ABOUT_RETURN_TYPE = YES_ERROR;
				GCC_WARN_UNDECLARED_SELECTOR = YES;
				GCC_WARN_UNINITIALIZED_AUTOS = YES_AGGRESSIVE;
				GCC_WARN_UNUSED_FUNCTION = YES;
				GCC_WARN_UNUSED_VARIABLE = YES;
				IPHONEOS_DEPLOYMENT_TARGET = 11.2;
				MTL_ENABLE_DEBUG_INFO = NO;
				SDKROOT = iphoneos;
				SWIFT_OPTIMIZATION_LEVEL = "-Owholemodule";
				VALIDATE_PRODUCT = YES;
			};
			name = Release;
		};
		429C4240206215E2002701A4 /* Debug */ = {
			isa = XCBuildConfiguration;
			buildSettings = {
				ASSETCATALOG_COMPILER_APPICON_NAME = AppIcon;
				CODE_SIGN_STYLE = Automatic;
				DEVELOPMENT_TEAM = VX83BN3V64;
				INFOPLIST_FILE = XSlider/Info.plist;
				LD_RUNPATH_SEARCH_PATHS = "$(inherited) @executable_path/Frameworks";
				PRODUCT_BUNDLE_IDENTIFIER = net.evevki.mkkeyborad.XSlider;
				PRODUCT_NAME = "$(TARGET_NAME)";
				SWIFT_VERSION = 4.0;
				TARGETED_DEVICE_FAMILY = "1,2";
			};
			name = Debug;
		};
		429C4241206215E2002701A4 /* Release */ = {
			isa = XCBuildConfiguration;
			buildSettings = {
				ASSETCATALOG_COMPILER_APPICON_NAME = AppIcon;
				CODE_SIGN_STYLE = Automatic;
				DEVELOPMENT_TEAM = VX83BN3V64;
				INFOPLIST_FILE = XSlider/Info.plist;
				LD_RUNPATH_SEARCH_PATHS = "$(inherited) @executable_path/Frameworks";
				PRODUCT_BUNDLE_IDENTIFIER = net.evevki.mkkeyborad.XSlider;
				PRODUCT_NAME = "$(TARGET_NAME)";
				SWIFT_VERSION = 4.0;
				TARGETED_DEVICE_FAMILY = "1,2";
			};
			name = Release;
		};
/* End XCBuildConfiguration section */

/* Begin XCConfigurationList section */
		429C4228206215E2002701A4 /* Build configuration list for PBXProject "XSlider" */ = {
			isa = XCConfigurationList;
			buildConfigurations = (
				429C423D206215E2002701A4 /* Debug */,
				429C423E206215E2002701A4 /* Release */,
			);
			defaultConfigurationIsVisible = 0;
			defaultConfigurationName = Release;
		};
		429C423F206215E2002701A4 /* Build configuration list for PBXNativeTarget "XSlider" */ = {
			isa = XCConfigurationList;
			buildConfigurations = (
				429C4240206215E2002701A4 /* Debug */,
				429C4241206215E2002701A4 /* Release */,
			);
			defaultConfigurationIsVisible = 0;
			defaultConfigurationName = Release;
		};
/* End XCConfigurationList section */
	};
	rootObject = 429C4225206215E2002701A4 /* Project object */;
}
